// !$*UTF8*$!
{
	archiveVersion = 1;
	classes = {
	};
	objectVersion = 52;
	objects = {

/* Begin PBXBuildFile section */
		184D41F826A1A7AB00880FA5 /* AppDelegate.swift in Sources */ = {isa = PBXBuildFile; fileRef = 184D41F726A1A7AB00880FA5 /* AppDelegate.swift */; };
		184D41FA26A1A7AB00880FA5 /* SceneDelegate.swift in Sources */ = {isa = PBXBuildFile; fileRef = 184D41F926A1A7AB00880FA5 /* SceneDelegate.swift */; };
		184D41FC26A1A7AB00880FA5 /* ContentView.swift in Sources */ = {isa = PBXBuildFile; fileRef = 184D41FB26A1A7AB00880FA5 /* ContentView.swift */; };
		184D41FE26A1A7AF00880FA5 /* Assets.xcassets in Resources */ = {isa = PBXBuildFile; fileRef = 184D41FD26A1A7AF00880FA5 /* Assets.xcassets */; };
		184D420126A1A7AF00880FA5 /* Preview Assets.xcassets in Resources */ = {isa = PBXBuildFile; fileRef = 184D420026A1A7AF00880FA5 /* Preview Assets.xcassets */; };
		184D420426A1A7AF00880FA5 /* LaunchScreen.storyboard in Resources */ = {isa = PBXBuildFile; fileRef = 184D420226A1A7AF00880FA5 /* LaunchScreen.storyboard */; };
		184D427D26A1B40F00880FA5 /* CameraProgressBar.swift in Sources */ = {isa = PBXBuildFile; fileRef = 184D427C26A1B40F00880FA5 /* CameraProgressBar.swift */; };
		184D427F26A1B5F600880FA5 /* SwiftUICameraModule in Frameworks */ = {isa = PBXBuildFile; productRef = 184D427E26A1B5F600880FA5 /* SwiftUICameraModule */; };
/* End PBXBuildFile section */

/* Begin PBXContainerItemProxy section */
		184D425126A1AE4A00880FA5 /* PBXContainerItemProxy */ = {
			isa = PBXContainerItemProxy;
			containerPortal = 184D424026A1AE4900880FA5 /* SwiftUICamera.xcodeproj */;
			proxyType = 2;
			remoteGlobalIDString = 184D41F426A1A7AB00880FA5;
			remoteInfo = SwiftUICamera;
		};
		184D425726A1AE4A00880FA5 /* PBXContainerItemProxy */ = {
			isa = PBXContainerItemProxy;
			containerPortal = 184D422D26A1AE4900880FA5 /* SwiftUICameraModule.xcodeproj */;
			proxyType = 2;
			remoteGlobalIDString = "SwiftUICameraModule::SwiftUICameraModule::Product";
			remoteInfo = SwiftUICameraModule;
		};
		184D425926A1AE4A00880FA5 /* PBXContainerItemProxy */ = {
			isa = PBXContainerItemProxy;
			containerPortal = 184D422D26A1AE4900880FA5 /* SwiftUICameraModule.xcodeproj */;
			proxyType = 2;
			remoteGlobalIDString = "SwiftUICameraModule::SwiftUICameraModuleTests::Product";
			remoteInfo = SwiftUICameraModuleTests;
		};
/* End PBXContainerItemProxy section */

/* Begin PBXFileReference section */
		184D41F426A1A7AB00880FA5 /* SwiftUICamera.app */ = {isa = PBXFileReference; explicitFileType = wrapper.application; includeInIndex = 0; path = SwiftUICamera.app; sourceTree = BUILT_PRODUCTS_DIR; };
		184D41F726A1A7AB00880FA5 /* AppDelegate.swift */ = {isa = PBXFileReference; lastKnownFileType = sourcecode.swift; path = AppDelegate.swift; sourceTree = "<group>"; };
		184D41F926A1A7AB00880FA5 /* SceneDelegate.swift */ = {isa = PBXFileReference; lastKnownFileType = sourcecode.swift; path = SceneDelegate.swift; sourceTree = "<group>"; };
		184D41FB26A1A7AB00880FA5 /* ContentView.swift */ = {isa = PBXFileReference; lastKnownFileType = sourcecode.swift; path = ContentView.swift; sourceTree = "<group>"; };
		184D41FD26A1A7AF00880FA5 /* Assets.xcassets */ = {isa = PBXFileReference; lastKnownFileType = folder.assetcatalog; path = Assets.xcassets; sourceTree = "<group>"; };
		184D420026A1A7AF00880FA5 /* Preview Assets.xcassets */ = {isa = PBXFileReference; lastKnownFileType = folder.assetcatalog; path = "Preview Assets.xcassets"; sourceTree = "<group>"; };
		184D420326A1A7AF00880FA5 /* Base */ = {isa = PBXFileReference; lastKnownFileType = file.storyboard; name = Base; path = Base.lproj/LaunchScreen.storyboard; sourceTree = "<group>"; };
		184D420526A1A7AF00880FA5 /* Info.plist */ = {isa = PBXFileReference; lastKnownFileType = text.plist.xml; path = Info.plist; sourceTree = "<group>"; };
		184D422A26A1AE4900880FA5 /* workspace-state.json */ = {isa = PBXFileReference; lastKnownFileType = text.json; path = "workspace-state.json"; sourceTree = "<group>"; };
		184D422D26A1AE4900880FA5 /* SwiftUICameraModule.xcodeproj */ = {isa = PBXFileReference; lastKnownFileType = "wrapper.pb-project"; path = SwiftUICameraModule.xcodeproj; sourceTree = "<group>"; };
		184D423426A1AE4900880FA5 /* SwiftUICameraModuleTests.swift */ = {isa = PBXFileReference; lastKnownFileType = sourcecode.swift; path = SwiftUICameraModuleTests.swift; sourceTree = "<group>"; };
		184D423726A1AE4900880FA5 /* Assets.xcassets */ = {isa = PBXFileReference; lastKnownFileType = folder.assetcatalog; path = Assets.xcassets; sourceTree = "<group>"; };
		184D423926A1AE4900880FA5 /* Preview Assets.xcassets */ = {isa = PBXFileReference; lastKnownFileType = folder.assetcatalog; path = "Preview Assets.xcassets"; sourceTree = "<group>"; };
		184D423B26A1AE4900880FA5 /* Base */ = {isa = PBXFileReference; lastKnownFileType = file.storyboard; name = Base; path = Base.lproj/LaunchScreen.storyboard; sourceTree = "<group>"; };
		184D423C26A1AE4900880FA5 /* AppDelegate.swift */ = {isa = PBXFileReference; lastKnownFileType = sourcecode.swift; path = AppDelegate.swift; sourceTree = "<group>"; };
		184D423D26A1AE4900880FA5 /* ContentView.swift */ = {isa = PBXFileReference; lastKnownFileType = sourcecode.swift; path = ContentView.swift; sourceTree = "<group>"; };
		184D423E26A1AE4900880FA5 /* Info.plist */ = {isa = PBXFileReference; lastKnownFileType = text.plist.xml; path = Info.plist; sourceTree = "<group>"; };
		184D423F26A1AE4900880FA5 /* SceneDelegate.swift */ = {isa = PBXFileReference; lastKnownFileType = sourcecode.swift; path = SceneDelegate.swift; sourceTree = "<group>"; };
		184D424026A1AE4900880FA5 /* SwiftUICamera.xcodeproj */ = {isa = PBXFileReference; lastKnownFileType = "wrapper.pb-project"; path = SwiftUICamera.xcodeproj; sourceTree = "<group>"; };
		184D424326A1AE4900880FA5 /* README.md */ = {isa = PBXFileReference; lastKnownFileType = net.daringfireball.markdown; path = README.md; sourceTree = "<group>"; };
		184D424426A1AE4900880FA5 /* .gitignore */ = {isa = PBXFileReference; lastKnownFileType = text; path = .gitignore; sourceTree = "<group>"; };
		184D424526A1AE4900880FA5 /* Package.swift */ = {isa = PBXFileReference; lastKnownFileType = sourcecode.swift; path = Package.swift; sourceTree = "<group>"; };
		184D424826A1AE4900880FA5 /* SwiftUICameraModule.swift */ = {isa = PBXFileReference; lastKnownFileType = sourcecode.swift; path = SwiftUICameraModule.swift; sourceTree = "<group>"; };
		184D424B26A1AE4900880FA5 /* package.xcworkspace */ = {isa = PBXFileReference; lastKnownFileType = wrapper.workspace; path = package.xcworkspace; sourceTree = "<group>"; };
		184D424F26A1AE4A00880FA5 /* xcschememanagement.plist */ = {isa = PBXFileReference; lastKnownFileType = text.plist.xml; path = xcschememanagement.plist; sourceTree = "<group>"; };
		184D427226A1B23D00880FA5 /* .. */ = {isa = PBXFileReference; lastKnownFileType = folder; path = ..; sourceTree = "<group>"; };
		184D427C26A1B40F00880FA5 /* CameraProgressBar.swift */ = {isa = PBXFileReference; fileEncoding = 4; lastKnownFileType = sourcecode.swift; path = CameraProgressBar.swift; sourceTree = "<group>"; };
/* End PBXFileReference section */

/* Begin PBXFrameworksBuildPhase section */
		184D41F126A1A7AB00880FA5 /* Frameworks */ = {
			isa = PBXFrameworksBuildPhase;
			buildActionMask = 2147483647;
			files = (
				184D427F26A1B5F600880FA5 /* SwiftUICameraModule in Frameworks */,
			);
			runOnlyForDeploymentPostprocessing = 0;
		};
/* End PBXFrameworksBuildPhase section */

/* Begin PBXGroup section */
		184D41EB26A1A7AB00880FA5 = {
			isa = PBXGroup;
			children = (
				184D427226A1B23D00880FA5 /* .. */,
				184D41F626A1A7AB00880FA5 /* SwiftUICamera */,
				184D41F526A1A7AB00880FA5 /* Products */,
				184D420B26A1A91000880FA5 /* Frameworks */,
			);
			sourceTree = "<group>";
		};
		184D41F526A1A7AB00880FA5 /* Products */ = {
			isa = PBXGroup;
			children = (
				184D41F426A1A7AB00880FA5 /* SwiftUICamera.app */,
			);
			name = Products;
			sourceTree = "<group>";
		};
		184D41F626A1A7AB00880FA5 /* SwiftUICamera */ = {
			isa = PBXGroup;
			children = (
				184D427B26A1B3FF00880FA5 /* Example */,
				184D41F726A1A7AB00880FA5 /* AppDelegate.swift */,
				184D41F926A1A7AB00880FA5 /* SceneDelegate.swift */,
				184D41FD26A1A7AF00880FA5 /* Assets.xcassets */,
				184D420226A1A7AF00880FA5 /* LaunchScreen.storyboard */,
				184D420526A1A7AF00880FA5 /* Info.plist */,
				184D41FF26A1A7AF00880FA5 /* Preview Content */,
			);
			path = SwiftUICamera;
			sourceTree = "<group>";
		};
		184D41FF26A1A7AF00880FA5 /* Preview Content */ = {
			isa = PBXGroup;
			children = (
				184D420026A1A7AF00880FA5 /* Preview Assets.xcassets */,
			);
			path = "Preview Content";
			sourceTree = "<group>";
		};
		184D420B26A1A91000880FA5 /* Frameworks */ = {
			isa = PBXGroup;
			children = (
				184D422726A1AE4900880FA5 /* SwiftUICameraModule */,
			);
			name = Frameworks;
			sourceTree = "<group>";
		};
		184D422726A1AE4900880FA5 /* SwiftUICameraModule */ = {
			isa = PBXGroup;
			children = (
				184D422826A1AE4900880FA5 /* .build */,
				184D422D26A1AE4900880FA5 /* SwiftUICameraModule.xcodeproj */,
				184D423226A1AE4900880FA5 /* Tests */,
				184D423526A1AE4900880FA5 /* SwiftUICamera */,
				184D424326A1AE4900880FA5 /* README.md */,
				184D424426A1AE4900880FA5 /* .gitignore */,
				184D424526A1AE4900880FA5 /* Package.swift */,
				184D424626A1AE4900880FA5 /* Sources */,
				184D424926A1AE4900880FA5 /* .swiftpm */,
			);
			name = SwiftUICameraModule;
			path = ../../SwiftUICameraModule;
			sourceTree = "<group>";
		};
		184D422826A1AE4900880FA5 /* .build */ = {
			isa = PBXGroup;
			children = (
				184D422926A1AE4900880FA5 /* artifacts */,
				184D422A26A1AE4900880FA5 /* workspace-state.json */,
				184D422B26A1AE4900880FA5 /* checkouts */,
				184D422C26A1AE4900880FA5 /* repositories */,
			);
			path = .build;
			sourceTree = "<group>";
		};
		184D422926A1AE4900880FA5 /* artifacts */ = {
			isa = PBXGroup;
			children = (
			);
			path = artifacts;
			sourceTree = "<group>";
		};
		184D422B26A1AE4900880FA5 /* checkouts */ = {
			isa = PBXGroup;
			children = (
			);
			path = checkouts;
			sourceTree = "<group>";
		};
		184D422C26A1AE4900880FA5 /* repositories */ = {
			isa = PBXGroup;
			children = (
			);
			path = repositories;
			sourceTree = "<group>";
		};
		184D422E26A1AE4900880FA5 /* Products */ = {
			isa = PBXGroup;
			children = (
				184D425826A1AE4A00880FA5 /* SwiftUICameraModule.framework */,
				184D425A26A1AE4A00880FA5 /* SwiftUICameraModuleTests.xctest */,
			);
			name = Products;
			sourceTree = "<group>";
		};
		184D423226A1AE4900880FA5 /* Tests */ = {
			isa = PBXGroup;
			children = (
				184D423326A1AE4900880FA5 /* SwiftUICameraModuleTests */,
			);
			path = Tests;
			sourceTree = "<group>";
		};
		184D423326A1AE4900880FA5 /* SwiftUICameraModuleTests */ = {
			isa = PBXGroup;
			children = (
				184D423426A1AE4900880FA5 /* SwiftUICameraModuleTests.swift */,
			);
			path = SwiftUICameraModuleTests;
			sourceTree = "<group>";
		};
		184D423526A1AE4900880FA5 /* SwiftUICamera */ = {
			isa = PBXGroup;
			children = (
				184D423626A1AE4900880FA5 /* SwiftUICamera */,
				184D424026A1AE4900880FA5 /* SwiftUICamera.xcodeproj */,
			);
			path = SwiftUICamera;
			sourceTree = "<group>";
		};
		184D423626A1AE4900880FA5 /* SwiftUICamera */ = {
			isa = PBXGroup;
			children = (
				184D423726A1AE4900880FA5 /* Assets.xcassets */,
				184D423826A1AE4900880FA5 /* Preview Content */,
				184D423A26A1AE4900880FA5 /* LaunchScreen.storyboard */,
				184D423C26A1AE4900880FA5 /* AppDelegate.swift */,
				184D423D26A1AE4900880FA5 /* ContentView.swift */,
				184D423E26A1AE4900880FA5 /* Info.plist */,
				184D423F26A1AE4900880FA5 /* SceneDelegate.swift */,
			);
			path = SwiftUICamera;
			sourceTree = "<group>";
		};
		184D423826A1AE4900880FA5 /* Preview Content */ = {
			isa = PBXGroup;
			children = (
				184D423926A1AE4900880FA5 /* Preview Assets.xcassets */,
			);
			path = "Preview Content";
			sourceTree = "<group>";
		};
		184D424126A1AE4900880FA5 /* Products */ = {
			isa = PBXGroup;
			children = (
				184D425226A1AE4A00880FA5 /* SwiftUICamera.app */,
			);
			name = Products;
			sourceTree = "<group>";
		};
		184D424626A1AE4900880FA5 /* Sources */ = {
			isa = PBXGroup;
			children = (
				184D424726A1AE4900880FA5 /* SwiftUICameraModule */,
			);
			path = Sources;
			sourceTree = "<group>";
		};
		184D424726A1AE4900880FA5 /* SwiftUICameraModule */ = {
			isa = PBXGroup;
			children = (
				184D424826A1AE4900880FA5 /* SwiftUICameraModule.swift */,
			);
			path = SwiftUICameraModule;
			sourceTree = "<group>";
		};
		184D424926A1AE4900880FA5 /* .swiftpm */ = {
			isa = PBXGroup;
			children = (
				184D424A26A1AE4900880FA5 /* xcode */,
			);
			path = .swiftpm;
			sourceTree = "<group>";
		};
		184D424A26A1AE4900880FA5 /* xcode */ = {
			isa = PBXGroup;
			children = (
				184D424B26A1AE4900880FA5 /* package.xcworkspace */,
				184D424C26A1AE4900880FA5 /* xcuserdata */,
			);
			path = xcode;
			sourceTree = "<group>";
		};
		184D424C26A1AE4900880FA5 /* xcuserdata */ = {
			isa = PBXGroup;
			children = (
				184D424D26A1AE4900880FA5 /* apple.xcuserdatad */,
			);
			path = xcuserdata;
			sourceTree = "<group>";
		};
		184D424D26A1AE4900880FA5 /* apple.xcuserdatad */ = {
			isa = PBXGroup;
			children = (
				184D424E26A1AE4900880FA5 /* xcschemes */,
			);
			path = apple.xcuserdatad;
			sourceTree = "<group>";
		};
		184D424E26A1AE4900880FA5 /* xcschemes */ = {
			isa = PBXGroup;
			children = (
				184D424F26A1AE4A00880FA5 /* xcschememanagement.plist */,
			);
			path = xcschemes;
			sourceTree = "<group>";
		};
		184D427B26A1B3FF00880FA5 /* Example */ = {
			isa = PBXGroup;
			children = (
				184D427C26A1B40F00880FA5 /* CameraProgressBar.swift */,
				184D41FB26A1A7AB00880FA5 /* ContentView.swift */,
			);
			path = Example;
			sourceTree = "<group>";
		};
/* End PBXGroup section */

/* Begin PBXNativeTarget section */
		184D41F326A1A7AB00880FA5 /* SwiftUICamera */ = {
			isa = PBXNativeTarget;
			buildConfigurationList = 184D420826A1A7AF00880FA5 /* Build configuration list for PBXNativeTarget "SwiftUICamera" */;
			buildPhases = (
				184D41F026A1A7AB00880FA5 /* Sources */,
				184D41F126A1A7AB00880FA5 /* Frameworks */,
				184D41F226A1A7AB00880FA5 /* Resources */,
			);
			buildRules = (
			);
			dependencies = (
			);
			name = SwiftUICamera;
			packageProductDependencies = (
				184D427E26A1B5F600880FA5 /* SwiftUICameraModule */,
			);
			productName = SwiftUICamera;
			productReference = 184D41F426A1A7AB00880FA5 /* SwiftUICamera.app */;
			productType = "com.apple.product-type.application";
		};
/* End PBXNativeTarget section */

/* Begin PBXProject section */
		184D41EC26A1A7AB00880FA5 /* Project object */ = {
			isa = PBXProject;
			attributes = {
				LastSwiftUpdateCheck = 1250;
				LastUpgradeCheck = 1250;
				TargetAttributes = {
					184D41F326A1A7AB00880FA5 = {
						CreatedOnToolsVersion = 12.5.1;
					};
				};
			};
			buildConfigurationList = 184D41EF26A1A7AB00880FA5 /* Build configuration list for PBXProject "SwiftUICamera" */;
			compatibilityVersion = "Xcode 9.3";
			developmentRegion = en;
			hasScannedForEncodings = 0;
			knownRegions = (
				en,
				Base,
			);
			mainGroup = 184D41EB26A1A7AB00880FA5;
			productRefGroup = 184D41F526A1A7AB00880FA5 /* Products */;
			projectDirPath = "";
			projectReferences = (
				{
					ProductGroup = 184D424126A1AE4900880FA5 /* Products */;
					ProjectRef = 184D424026A1AE4900880FA5 /* SwiftUICamera.xcodeproj */;
				},
				{
					ProductGroup = 184D422E26A1AE4900880FA5 /* Products */;
					ProjectRef = 184D422D26A1AE4900880FA5 /* SwiftUICameraModule.xcodeproj */;
				},
			);
			projectRoot = "";
			targets = (
				184D41F326A1A7AB00880FA5 /* SwiftUICamera */,
			);
		};
/* End PBXProject section */

/* Begin PBXReferenceProxy section */
		184D425226A1AE4A00880FA5 /* SwiftUICamera.app */ = {
			isa = PBXReferenceProxy;
			fileType = wrapper.application;
			path = SwiftUICamera.app;
			remoteRef = 184D425126A1AE4A00880FA5 /* PBXContainerItemProxy */;
			sourceTree = BUILT_PRODUCTS_DIR;
		};
		184D425826A1AE4A00880FA5 /* SwiftUICameraModule.framework */ = {
			isa = PBXReferenceProxy;
			fileType = wrapper.framework;
			path = SwiftUICameraModule.framework;
			remoteRef = 184D425726A1AE4A00880FA5 /* PBXContainerItemProxy */;
			sourceTree = BUILT_PRODUCTS_DIR;
		};
		184D425A26A1AE4A00880FA5 /* SwiftUICameraModuleTests.xctest */ = {
			isa = PBXReferenceProxy;
			fileType = file;
			path = SwiftUICameraModuleTests.xctest;
			remoteRef = 184D425926A1AE4A00880FA5 /* PBXContainerItemProxy */;
			sourceTree = BUILT_PRODUCTS_DIR;
		};
/* End PBXReferenceProxy section */

/* Begin PBXResourcesBuildPhase section */
		184D41F226A1A7AB00880FA5 /* Resources */ = {
			isa = PBXResourcesBuildPhase;
			buildActionMask = 2147483647;
			files = (
				184D420426A1A7AF00880FA5 /* LaunchScreen.storyboard in Resources */,
				184D420126A1A7AF00880FA5 /* Preview Assets.xcassets in Resources */,
				184D41FE26A1A7AF00880FA5 /* Assets.xcassets in Resources */,
			);
			runOnlyForDeploymentPostprocessing = 0;
		};
/* End PBXResourcesBuildPhase section */

/* Begin PBXSourcesBuildPhase section */
		184D41F026A1A7AB00880FA5 /* Sources */ = {
			isa = PBXSourcesBuildPhase;
			buildActionMask = 2147483647;
			files = (
				184D41F826A1A7AB00880FA5 /* AppDelegate.swift in Sources */,
				184D427D26A1B40F00880FA5 /* CameraProgressBar.swift in Sources */,
				184D41FA26A1A7AB00880FA5 /* SceneDelegate.swift in Sources */,
				184D41FC26A1A7AB00880FA5 /* ContentView.swift in Sources */,
			);
			runOnlyForDeploymentPostprocessing = 0;
		};
/* End PBXSourcesBuildPhase section */

/* Begin PBXVariantGroup section */
		184D420226A1A7AF00880FA5 /* LaunchScreen.storyboard */ = {
			isa = PBXVariantGroup;
			children = (
				184D420326A1A7AF00880FA5 /* Base */,
			);
			name = LaunchScreen.storyboard;
			sourceTree = "<group>";
		};
		184D423A26A1AE4900880FA5 /* LaunchScreen.storyboard */ = {
			isa = PBXVariantGroup;
			children = (
				184D423B26A1AE4900880FA5 /* Base */,
			);
			name = LaunchScreen.storyboard;
			sourceTree = "<group>";
		};
/* End PBXVariantGroup section */

/* Begin XCBuildConfiguration section */
		184D420626A1A7AF00880FA5 /* Debug */ = {
			isa = XCBuildConfiguration;
			buildSettings = {
				ALWAYS_SEARCH_USER_PATHS = NO;
				CLANG_ANALYZER_NONNULL = YES;
				CLANG_ANALYZER_NUMBER_OBJECT_CONVERSION = YES_AGGRESSIVE;
				CLANG_CXX_LANGUAGE_STANDARD = "gnu++14";
				CLANG_CXX_LIBRARY = "libc++";
				CLANG_ENABLE_MODULES = YES;
				CLANG_ENABLE_OBJC_ARC = YES;
				CLANG_ENABLE_OBJC_WEAK = YES;
				CLANG_WARN_BLOCK_CAPTURE_AUTORELEASING = YES;
				CLANG_WARN_BOOL_CONVERSION = YES;
				CLANG_WARN_COMMA = YES;
				CLANG_WARN_CONSTANT_CONVERSION = YES;
				CLANG_WARN_DEPRECATED_OBJC_IMPLEMENTATIONS = YES;
				CLANG_WARN_DIRECT_OBJC_ISA_USAGE = YES_ERROR;
				CLANG_WARN_DOCUMENTATION_COMMENTS = YES;
				CLANG_WARN_EMPTY_BODY = YES;
				CLANG_WARN_ENUM_CONVERSION = YES;
				CLANG_WARN_INFINITE_RECURSION = YES;
				CLANG_WARN_INT_CONVERSION = YES;
				CLANG_WARN_NON_LITERAL_NULL_CONVERSION = YES;
				CLANG_WARN_OBJC_IMPLICIT_RETAIN_SELF = YES;
				CLANG_WARN_OBJC_LITERAL_CONVERSION = YES;
				CLANG_WARN_OBJC_ROOT_CLASS = YES_ERROR;
				CLANG_WARN_QUOTED_INCLUDE_IN_FRAMEWORK_HEADER = YES;
				CLANG_WARN_RANGE_LOOP_ANALYSIS = YES;
				CLANG_WARN_STRICT_PROTOTYPES = YES;
				CLANG_WARN_SUSPICIOUS_MOVE = YES;
				CLANG_WARN_UNGUARDED_AVAILABILITY = YES_AGGRESSIVE;
				CLANG_WARN_UNREACHABLE_CODE = YES;
				CLANG_WARN__DUPLICATE_METHOD_MATCH = YES;
				COPY_PHASE_STRIP = NO;
				DEBUG_INFORMATION_FORMAT = dwarf;
				ENABLE_STRICT_OBJC_MSGSEND = YES;
				ENABLE_TESTABILITY = YES;
				GCC_C_LANGUAGE_STANDARD = gnu11;
				GCC_DYNAMIC_NO_PIC = NO;
				GCC_NO_COMMON_BLOCKS = YES;
				GCC_OPTIMIZATION_LEVEL = 0;
				GCC_PREPROCESSOR_DEFINITIONS = (
					"DEBUG=1",
					"$(inherited)",
				);
				GCC_WARN_64_TO_32_BIT_CONVERSION = YES;
				GCC_WARN_ABOUT_RETURN_TYPE = YES_ERROR;
				GCC_WARN_UNDECLARED_SELECTOR = YES;
				GCC_WARN_UNINITIALIZED_AUTOS = YES_AGGRESSIVE;
				GCC_WARN_UNUSED_FUNCTION = YES;
				GCC_WARN_UNUSED_VARIABLE = YES;
				IPHONEOS_DEPLOYMENT_TARGET = 13.0;
				MTL_ENABLE_DEBUG_INFO = INCLUDE_SOURCE;
				MTL_FAST_MATH = YES;
				ONLY_ACTIVE_ARCH = YES;
				SDKROOT = iphoneos;
				SWIFT_ACTIVE_COMPILATION_CONDITIONS = DEBUG;
				SWIFT_OPTIMIZATION_LEVEL = "-Onone";
			};
			name = Debug;
		};
		184D420726A1A7AF00880FA5 /* Release */ = {
			isa = XCBuildConfiguration;
			buildSettings = {
				ALWAYS_SEARCH_USER_PATHS = NO;
				CLANG_ANALYZER_NONNULL = YES;
				CLANG_ANALYZER_NUMBER_OBJECT_CONVERSION = YES_AGGRESSIVE;
				CLANG_CXX_LANGUAGE_STANDARD = "gnu++14";
				CLANG_CXX_LIBRARY = "libc++";
				CLANG_ENABLE_MODULES = YES;
				CLANG_ENABLE_OBJC_ARC = YES;
				CLANG_ENABLE_OBJC_WEAK = YES;
				CLANG_WARN_BLOCK_CAPTURE_AUTORELEASING = YES;
				CLANG_WARN_BOOL_CONVERSION = YES;
				CLANG_WARN_COMMA = YES;
				CLANG_WARN_CONSTANT_CONVERSION = YES;
				CLANG_WARN_DEPRECATED_OBJC_IMPLEMENTATIONS = YES;
				CLANG_WARN_DIRECT_OBJC_ISA_USAGE = YES_ERROR;
				CLANG_WARN_DOCUMENTATION_COMMENTS = YES;
				CLANG_WARN_EMPTY_BODY = YES;
				CLANG_WARN_ENUM_CONVERSION = YES;
				CLANG_WARN_INFINITE_RECURSION = YES;
				CLANG_WARN_INT_CONVERSION = YES;
				CLANG_WARN_NON_LITERAL_NULL_CONVERSION = YES;
				CLANG_WARN_OBJC_IMPLICIT_RETAIN_SELF = YES;
				CLANG_WARN_OBJC_LITERAL_CONVERSION = YES;
				CLANG_WARN_OBJC_ROOT_CLASS = YES_ERROR;
				CLANG_WARN_QUOTED_INCLUDE_IN_FRAMEWORK_HEADER = YES;
				CLANG_WARN_RANGE_LOOP_ANALYSIS = YES;
				CLANG_WARN_STRICT_PROTOTYPES = YES;
				CLANG_WARN_SUSPICIOUS_MOVE = YES;
				CLANG_WARN_UNGUARDED_AVAILABILITY = YES_AGGRESSIVE;
				CLANG_WARN_UNREACHABLE_CODE = YES;
				CLANG_WARN__DUPLICATE_METHOD_MATCH = YES;
				COPY_PHASE_STRIP = NO;
				DEBUG_INFORMATION_FORMAT = "dwarf-with-dsym";
				ENABLE_NS_ASSERTIONS = NO;
				ENABLE_STRICT_OBJC_MSGSEND = YES;
				GCC_C_LANGUAGE_STANDARD = gnu11;
				GCC_NO_COMMON_BLOCKS = YES;
				GCC_WARN_64_TO_32_BIT_CONVERSION = YES;
				GCC_WARN_ABOUT_RETURN_TYPE = YES_ERROR;
				GCC_WARN_UNDECLARED_SELECTOR = YES;
				GCC_WARN_UNINITIALIZED_AUTOS = YES_AGGRESSIVE;
				GCC_WARN_UNUSED_FUNCTION = YES;
				GCC_WARN_UNUSED_VARIABLE = YES;
				IPHONEOS_DEPLOYMENT_TARGET = 13.0;
				MTL_ENABLE_DEBUG_INFO = NO;
				MTL_FAST_MATH = YES;
				SDKROOT = iphoneos;
				SWIFT_COMPILATION_MODE = wholemodule;
				SWIFT_OPTIMIZATION_LEVEL = "-O";
				VALIDATE_PRODUCT = YES;
			};
			name = Release;
		};
		184D420926A1A7AF00880FA5 /* Debug */ = {
			isa = XCBuildConfiguration;
			buildSettings = {
				ASSETCATALOG_COMPILER_APPICON_NAME = AppIcon;
				ASSETCATALOG_COMPILER_GLOBAL_ACCENT_COLOR_NAME = AccentColor;
				CODE_SIGN_STYLE = Automatic;
				DEVELOPMENT_ASSET_PATHS = "\"SwiftUICamera/Preview Content\"";
				DEVELOPMENT_TEAM = XG4PEE36YG;
				ENABLE_PREVIEWS = YES;
				INFOPLIST_FILE = SwiftUICamera/Info.plist;
				IPHONEOS_DEPLOYMENT_TARGET = 13.0;
				LD_RUNPATH_SEARCH_PATHS = (
					"$(inherited)",
					"@executable_path/Frameworks",
				);
				PRODUCT_BUNDLE_IDENTIFIER = com.seraphic.SwiftUICamera;
				PRODUCT_NAME = "$(TARGET_NAME)";
				SWIFT_VERSION = 5.0;
				TARGETED_DEVICE_FAMILY = "1,2";
			};
			name = Debug;
		};
		184D420A26A1A7AF00880FA5 /* Release */ = {
			isa = XCBuildConfiguration;
			buildSettings = {
				ASSETCATALOG_COMPILER_APPICON_NAME = AppIcon;
				ASSETCATALOG_COMPILER_GLOBAL_ACCENT_COLOR_NAME = AccentColor;
				CODE_SIGN_STYLE = Automatic;
				DEVELOPMENT_ASSET_PATHS = "\"SwiftUICamera/Preview Content\"";
				DEVELOPMENT_TEAM = XG4PEE36YG;
				ENABLE_PREVIEWS = YES;
				INFOPLIST_FILE = SwiftUICamera/Info.plist;
				IPHONEOS_DEPLOYMENT_TARGET = 13.0;
				LD_RUNPATH_SEARCH_PATHS = (
					"$(inherited)",
					"@executable_path/Frameworks",
				);
				PRODUCT_BUNDLE_IDENTIFIER = com.seraphic.SwiftUICamera;
				PRODUCT_NAME = "$(TARGET_NAME)";
				SWIFT_VERSION = 5.0;
				TARGETED_DEVICE_FAMILY = "1,2";
			};
			name = Release;
		};
/* End XCBuildConfiguration section */

/* Begin XCConfigurationList section */
		184D41EF26A1A7AB00880FA5 /* Build configuration list for PBXProject "SwiftUICamera" */ = {
			isa = XCConfigurationList;
			buildConfigurations = (
				184D420626A1A7AF00880FA5 /* Debug */,
				184D420726A1A7AF00880FA5 /* Release */,
			);
			defaultConfigurationIsVisible = 0;
			defaultConfigurationName = Release;
		};
		184D420826A1A7AF00880FA5 /* Build configuration list for PBXNativeTarget "SwiftUICamera" */ = {
			isa = XCConfigurationList;
			buildConfigurations = (
				184D420926A1A7AF00880FA5 /* Debug */,
				184D420A26A1A7AF00880FA5 /* Release */,
			);
			defaultConfigurationIsVisible = 0;
			defaultConfigurationName = Release;
		};
/* End XCConfigurationList section */

/* Begin XCSwiftPackageProductDependency section */
		184D427E26A1B5F600880FA5 /* SwiftUICameraModule */ = {
			isa = XCSwiftPackageProductDependency;
			productName = SwiftUICameraModule;
		};
/* End XCSwiftPackageProductDependency section */
	};
	rootObject = 184D41EC26A1A7AB00880FA5 /* Project object */;
}
