{
  "object": {
    "pins": [
      {
        "package": "SwiftUICameraModule",
        "repositoryURL": "https://github.com/amrit42087/SwiftUICameraModule.git",
        "state": {
          "branch": null,
          "revision": "efa055de8042bd1238ba00a3731e8628408a61ea",
          "version": "1.0.1"
        }
      }
    ]
  },
  "version": 1
}
